
Microsoft Visual Studio Solution File, Format Version 12.00
# Visual Studio Version 17
VisualStudioVersion = 17.9.34728.123
MinimumVisualStudioVersion = 10.0.40219.1
Project("{FAE04EC0-301F-11D3-BF4B-00C04F79EFBC}") = "Cane_Inventory", "Cane_Inventory\Cane_Inventory.csproj", "{1B40D934-C9C1-43C7-8F0C-EA35183938A3}"
EndProject
Global
	GlobalSection(SolutionConfigurationPlatforms) = preSolution
		Debug|Any CPU = Debug|Any CPU
		Release|Any CPU = Release|Any CPU
	EndGlobalSection
	GlobalSection(ProjectConfigurationPlatforms) = postSolution
		{1B40D934-C9C1-43C7-8F0C-EA35183938A3}.Debug|Any CPU.ActiveCfg = Debug|Any CPU
		{1B40D934-C9C1-43C7-8F0C-EA35183938A3}.Debug|Any CPU.Build.0 = Debug|Any CPU
		{1B40D934-C9C1-43C7-8F0C-EA35183938A3}.Release|Any CPU.ActiveCfg = Release|Any CPU
		{1B40D934-C9C1-43C7-8F0C-EA35183938A3}.Release|Any CPU.Build.0 = Release|Any CPU
	EndGlobalSection
	GlobalSection(SolutionProperties) = preSolution
		HideSolutionNode = FALSE
	EndGlobalSection
	GlobalSection(ExtensibilityGlobals) = postSolution
		SolutionGuid = {A3C794CE-6E58-483B-BFBF-9D9C4E21B7C4}
	EndGlobalSection
EndGlobal
